
Microsoft Visual Studio Solution File, Format Version 12.00
# Visual Studio Version 17
VisualStudioVersion = 17.5.33414.496
MinimumVisualStudioVersion = 10.0.40219.1
Project("{2150E333-8FDC-42A3-9474-1A3956D46DE8}") = "BinaryClassification", "BinaryClassification", "{A4357FAA-2FB7-4D27-ABB6-C908CA4D825B}"
EndProject
Project("{2150E333-8FDC-42A3-9474-1A3956D46DE8}") = "MulticlassClassification", "MulticlassClassification", "{D446C85F-B5FC-46D1-A47A-A71A73CC6334}"
EndProject
Project("{2150E333-8FDC-42A3-9474-1A3956D46DE8}") = "Regression", "Regression", "{1363F016-229F-4536-AC70-2531CD7AD992}"
EndProject
Project("{2150E333-8FDC-42A3-9474-1A3956D46DE8}") = "ImageClassification", "ImageClassification", "{CB5ABA37-728D-478C-A5DA-415BCF1CA72D}"
EndProject
Project("{9A19103F-16F7-4668-BE54-9A1E7A4F7556}") = "Helpers", "Helpers\Helpers.csproj", "{69BA1782-110D-42C8-8600-93B2ACCF0450}"
EndProject
Project("{9A19103F-16F7-4668-BE54-9A1E7A4F7556}") = "MobileApp", "MobileApp\MobileApp.csproj", "{1B3492B5-C292-4D0F-A89E-3237EBD9F31C}"
EndProject
Project("{9A19103F-16F7-4668-BE54-9A1E7A4F7556}") = "CarPricePredictionDemo", "CarPricePredictionDemo\CarPricePredictionDemo.csproj", "{65FB12C7-75E3-4616-AF8A-6507BF060C88}"
EndProject
Project("{9A19103F-16F7-4668-BE54-9A1E7A4F7556}") = "IssueCategorizer", "IssueCategorizer\IssueCategorizer.csproj", "{2528EB32-AE03-415A-B955-AC1E1988116D}"
EndProject
Project("{9A19103F-16F7-4668-BE54-9A1E7A4F7556}") = "GitHubIssueModelCreator", "GitHubIssueModelCreator\GitHubIssueModelCreator.csproj", "{7E0488D5-439C-4383-9FA4-90A9CCBE7290}"
EndProject
Project("{2150E333-8FDC-42A3-9474-1A3956D46DE8}") = "Recommendation", "Recommendation", "{063D0E07-2815-4424-B5E9-144CFD9C985D}"
EndProject
Project("{9A19103F-16F7-4668-BE54-9A1E7A4F7556}") = "MovieRecommendationModelCreator", "MovieRecommendationModelCreator\MovieRecommendationModelCreator.csproj", "{AD3E7760-74AC-4C50-B861-7B8A755CFC09}"
EndProject
Project("{2150E333-8FDC-42A3-9474-1A3956D46DE8}") = "Object Detection", "Object Detection", "{F9049667-0013-4B63-89C0-A12A43996A4C}"
EndProject
Project("{FAE04EC0-301F-11D3-BF4B-00C04F79EFBC}") = "ObjectDectection", "ObjectDectection\ObjectDectection.csproj", "{2ED8C06C-D83E-4F04-AA5D-4DABE6936E53}"
EndProject
Global
	GlobalSection(SolutionConfigurationPlatforms) = preSolution
		Debug|Any CPU = Debug|Any CPU
		Release|Any CPU = Release|Any CPU
	EndGlobalSection
	GlobalSection(ProjectConfigurationPlatforms) = postSolution
		{69BA1782-110D-42C8-8600-93B2ACCF0450}.Debug|Any CPU.ActiveCfg = Debug|Any CPU
		{69BA1782-110D-42C8-8600-93B2ACCF0450}.Debug|Any CPU.Build.0 = Debug|Any CPU
		{69BA1782-110D-42C8-8600-93B2ACCF0450}.Release|Any CPU.ActiveCfg = Release|Any CPU
		{69BA1782-110D-42C8-8600-93B2ACCF0450}.Release|Any CPU.Build.0 = Release|Any CPU
		{1B3492B5-C292-4D0F-A89E-3237EBD9F31C}.Debug|Any CPU.ActiveCfg = Debug|Any CPU
		{1B3492B5-C292-4D0F-A89E-3237EBD9F31C}.Debug|Any CPU.Build.0 = Debug|Any CPU
		{1B3492B5-C292-4D0F-A89E-3237EBD9F31C}.Debug|Any CPU.Deploy.0 = Debug|Any CPU
		{1B3492B5-C292-4D0F-A89E-3237EBD9F31C}.Release|Any CPU.ActiveCfg = Release|Any CPU
		{1B3492B5-C292-4D0F-A89E-3237EBD9F31C}.Release|Any CPU.Build.0 = Release|Any CPU
		{1B3492B5-C292-4D0F-A89E-3237EBD9F31C}.Release|Any CPU.Deploy.0 = Release|Any CPU
		{65FB12C7-75E3-4616-AF8A-6507BF060C88}.Debug|Any CPU.ActiveCfg = Debug|Any CPU
		{65FB12C7-75E3-4616-AF8A-6507BF060C88}.Debug|Any CPU.Build.0 = Debug|Any CPU
		{65FB12C7-75E3-4616-AF8A-6507BF060C88}.Debug|Any CPU.Deploy.0 = Debug|Any CPU
		{65FB12C7-75E3-4616-AF8A-6507BF060C88}.Release|Any CPU.ActiveCfg = Release|Any CPU
		{65FB12C7-75E3-4616-AF8A-6507BF060C88}.Release|Any CPU.Build.0 = Release|Any CPU
		{65FB12C7-75E3-4616-AF8A-6507BF060C88}.Release|Any CPU.Deploy.0 = Release|Any CPU
		{2528EB32-AE03-415A-B955-AC1E1988116D}.Debug|Any CPU.ActiveCfg = Debug|Any CPU
		{2528EB32-AE03-415A-B955-AC1E1988116D}.Debug|Any CPU.Build.0 = Debug|Any CPU
		{2528EB32-AE03-415A-B955-AC1E1988116D}.Debug|Any CPU.Deploy.0 = Debug|Any CPU
		{2528EB32-AE03-415A-B955-AC1E1988116D}.Release|Any CPU.ActiveCfg = Release|Any CPU
		{2528EB32-AE03-415A-B955-AC1E1988116D}.Release|Any CPU.Build.0 = Release|Any CPU
		{2528EB32-AE03-415A-B955-AC1E1988116D}.Release|Any CPU.Deploy.0 = Release|Any CPU
		{7E0488D5-439C-4383-9FA4-90A9CCBE7290}.Debug|Any CPU.ActiveCfg = Debug|Any CPU
		{7E0488D5-439C-4383-9FA4-90A9CCBE7290}.Debug|Any CPU.Build.0 = Debug|Any CPU
		{7E0488D5-439C-4383-9FA4-90A9CCBE7290}.Release|Any CPU.ActiveCfg = Release|Any CPU
		{7E0488D5-439C-4383-9FA4-90A9CCBE7290}.Release|Any CPU.Build.0 = Release|Any CPU
		{AD3E7760-74AC-4C50-B861-7B8A755CFC09}.Debug|Any CPU.ActiveCfg = Debug|Any CPU
		{AD3E7760-74AC-4C50-B861-7B8A755CFC09}.Debug|Any CPU.Build.0 = Debug|Any CPU
		{AD3E7760-74AC-4C50-B861-7B8A755CFC09}.Release|Any CPU.ActiveCfg = Release|Any CPU
		{AD3E7760-74AC-4C50-B861-7B8A755CFC09}.Release|Any CPU.Build.0 = Release|Any CPU
		{2ED8C06C-D83E-4F04-AA5D-4DABE6936E53}.Debug|Any CPU.ActiveCfg = Debug|Any CPU
		{2ED8C06C-D83E-4F04-AA5D-4DABE6936E53}.Debug|Any CPU.Build.0 = Debug|Any CPU
		{2ED8C06C-D83E-4F04-AA5D-4DABE6936E53}.Release|Any CPU.ActiveCfg = Release|Any CPU
		{2ED8C06C-D83E-4F04-AA5D-4DABE6936E53}.Release|Any CPU.Build.0 = Release|Any CPU
	EndGlobalSection
	GlobalSection(SolutionProperties) = preSolution
		HideSolutionNode = FALSE
	EndGlobalSection
	GlobalSection(NestedProjects) = preSolution
		{1B3492B5-C292-4D0F-A89E-3237EBD9F31C} = {A4357FAA-2FB7-4D27-ABB6-C908CA4D825B}
		{65FB12C7-75E3-4616-AF8A-6507BF060C88} = {1363F016-229F-4536-AC70-2531CD7AD992}
		{2528EB32-AE03-415A-B955-AC1E1988116D} = {D446C85F-B5FC-46D1-A47A-A71A73CC6334}
		{7E0488D5-439C-4383-9FA4-90A9CCBE7290} = {D446C85F-B5FC-46D1-A47A-A71A73CC6334}
		{AD3E7760-74AC-4C50-B861-7B8A755CFC09} = {063D0E07-2815-4424-B5E9-144CFD9C985D}
		{2ED8C06C-D83E-4F04-AA5D-4DABE6936E53} = {F9049667-0013-4B63-89C0-A12A43996A4C}
	EndGlobalSection
	GlobalSection(ExtensibilityGlobals) = postSolution
		SolutionGuid = {D6E7DB06-D8FA-44DE-9760-3D7CCF71454A}
	EndGlobalSection
EndGlobal
